// !$*UTF8*$!
{
	archiveVersion = 1;
	classes = {
	};
	objectVersion = 50;
	objects = {

/* Begin PBXBuildFile section */
		2C219110255189B800CA4520 /* ViewController.xib in Resources */ = {isa = PBXBuildFile; fileRef = 2C21910F255189B800CA4520 /* ViewController.xib */; };
		2C21911525519D7400CA4520 /* EditViewController.swift in Sources */ = {isa = PBXBuildFile; fileRef = 2C21911425519D7400CA4520 /* EditViewController.swift */; };
		2C21911A25519D8600CA4520 /* EditViewController.xib in Resources */ = {isa = PBXBuildFile; fileRef = 2C21911925519D8600CA4520 /* EditViewController.xib */; };
		2C21911F2551A17500CA4520 /* ClipCell.xib in Resources */ = {isa = PBXBuildFile; fileRef = 2C21911E2551A17500CA4520 /* ClipCell.xib */; };
		2C2191242551A18D00CA4520 /* ClipCell.swift in Sources */ = {isa = PBXBuildFile; fileRef = 2C2191232551A18D00CA4520 /* ClipCell.swift */; };
		2C21912B2551C75D00CA4520 /* CloudKit.framework in Frameworks */ = {isa = PBXBuildFile; fileRef = 2C21912A2551C75D00CA4520 /* CloudKit.framework */; };
		2C9AB63E255171D0003CC5B5 /* AppDelegate.swift in Sources */ = {isa = PBXBuildFile; fileRef = 2C9AB63D255171D0003CC5B5 /* AppDelegate.swift */; };
		2C9AB640255171D0003CC5B5 /* SceneDelegate.swift in Sources */ = {isa = PBXBuildFile; fileRef = 2C9AB63F255171D0003CC5B5 /* SceneDelegate.swift */; };
		2C9AB642255171D0003CC5B5 /* ViewController.swift in Sources */ = {isa = PBXBuildFile; fileRef = 2C9AB641255171D0003CC5B5 /* ViewController.swift */; };
		2C9AB648255171D0003CC5B5 /* MyCoreDataSample.xcdatamodeld in Sources */ = {isa = PBXBuildFile; fileRef = 2C9AB646255171D0003CC5B5 /* MyCoreDataSample.xcdatamodeld */; };
		2C9AB64A255171D2003CC5B5 /* Assets.xcassets in Resources */ = {isa = PBXBuildFile; fileRef = 2C9AB649255171D2003CC5B5 /* Assets.xcassets */; };
		2C9AB64D255171D2003CC5B5 /* LaunchScreen.storyboard in Resources */ = {isa = PBXBuildFile; fileRef = 2C9AB64B255171D2003CC5B5 /* LaunchScreen.storyboard */; };
		2C9AB658255171D2003CC5B5 /* MyCoreDataSampleTests.swift in Sources */ = {isa = PBXBuildFile; fileRef = 2C9AB657255171D2003CC5B5 /* MyCoreDataSampleTests.swift */; };
		2C9AB663255171D2003CC5B5 /* MyCoreDataSampleUITests.swift in Sources */ = {isa = PBXBuildFile; fileRef = 2C9AB662255171D2003CC5B5 /* MyCoreDataSampleUITests.swift */; };
/* End PBXBuildFile section */

/* Begin PBXContainerItemProxy section */
		2C9AB654255171D2003CC5B5 /* PBXContainerItemProxy */ = {
			isa = PBXContainerItemProxy;
			containerPortal = 2C9AB632255171D0003CC5B5 /* Project object */;
			proxyType = 1;
			remoteGlobalIDString = 2C9AB639255171D0003CC5B5;
			remoteInfo = MyCoreDataSample;
		};
		2C9AB65F255171D2003CC5B5 /* PBXContainerItemProxy */ = {
			isa = PBXContainerItemProxy;
			containerPortal = 2C9AB632255171D0003CC5B5 /* Project object */;
			proxyType = 1;
			remoteGlobalIDString = 2C9AB639255171D0003CC5B5;
			remoteInfo = MyCoreDataSample;
		};
/* End PBXContainerItemProxy section */

/* Begin PBXFileReference section */
		2C21910F255189B800CA4520 /* ViewController.xib */ = {isa = PBXFileReference; lastKnownFileType = file.xib; path = ViewController.xib; sourceTree = "<group>"; };
		2C21911425519D7400CA4520 /* EditViewController.swift */ = {isa = PBXFileReference; lastKnownFileType = sourcecode.swift; path = EditViewController.swift; sourceTree = "<group>"; };
		2C21911925519D8600CA4520 /* EditViewController.xib */ = {isa = PBXFileReference; lastKnownFileType = file.xib; path = EditViewController.xib; sourceTree = "<group>"; };
		2C21911E2551A17500CA4520 /* ClipCell.xib */ = {isa = PBXFileReference; lastKnownFileType = file.xib; path = ClipCell.xib; sourceTree = "<group>"; };
		2C2191232551A18D00CA4520 /* ClipCell.swift */ = {isa = PBXFileReference; lastKnownFileType = sourcecode.swift; path = ClipCell.swift; sourceTree = "<group>"; };
		2C2191282551C49A00CA4520 /* MyCoreDataSample.entitlements */ = {isa = PBXFileReference; lastKnownFileType = text.plist.entitlements; path = MyCoreDataSample.entitlements; sourceTree = "<group>"; };
		2C21912A2551C75D00CA4520 /* CloudKit.framework */ = {isa = PBXFileReference; lastKnownFileType = wrapper.framework; name = CloudKit.framework; path = System/Library/Frameworks/CloudKit.framework; sourceTree = SDKROOT; };
		2C9AB63A255171D0003CC5B5 /* MyCoreDataSample.app */ = {isa = PBXFileReference; explicitFileType = wrapper.application; includeInIndex = 0; path = MyCoreDataSample.app; sourceTree = BUILT_PRODUCTS_DIR; };
		2C9AB63D255171D0003CC5B5 /* AppDelegate.swift */ = {isa = PBXFileReference; lastKnownFileType = sourcecode.swift; path = AppDelegate.swift; sourceTree = "<group>"; };
		2C9AB63F255171D0003CC5B5 /* SceneDelegate.swift */ = {isa = PBXFileReference; lastKnownFileType = sourcecode.swift; path = SceneDelegate.swift; sourceTree = "<group>"; };
		2C9AB641255171D0003CC5B5 /* ViewController.swift */ = {isa = PBXFileReference; lastKnownFileType = sourcecode.swift; path = ViewController.swift; sourceTree = "<group>"; };
		2C9AB647255171D0003CC5B5 /* MyCoreDataSample.xcdatamodel */ = {isa = PBXFileReference; lastKnownFileType = wrapper.xcdatamodel; path = MyCoreDataSample.xcdatamodel; sourceTree = "<group>"; };
		2C9AB649255171D2003CC5B5 /* Assets.xcassets */ = {isa = PBXFileReference; lastKnownFileType = folder.assetcatalog; path = Assets.xcassets; sourceTree = "<group>"; };
		2C9AB64C255171D2003CC5B5 /* Base */ = {isa = PBXFileReference; lastKnownFileType = file.storyboard; name = Base; path = Base.lproj/LaunchScreen.storyboard; sourceTree = "<group>"; };
		2C9AB64E255171D2003CC5B5 /* Info.plist */ = {isa = PBXFileReference; lastKnownFileType = text.plist.xml; path = Info.plist; sourceTree = "<group>"; };
		2C9AB653255171D2003CC5B5 /* MyCoreDataSampleTests.xctest */ = {isa = PBXFileReference; explicitFileType = wrapper.cfbundle; includeInIndex = 0; path = MyCoreDataSampleTests.xctest; sourceTree = BUILT_PRODUCTS_DIR; };
		2C9AB657255171D2003CC5B5 /* MyCoreDataSampleTests.swift */ = {isa = PBXFileReference; lastKnownFileType = sourcecode.swift; path = MyCoreDataSampleTests.swift; sourceTree = "<group>"; };
		2C9AB659255171D2003CC5B5 /* Info.plist */ = {isa = PBXFileReference; lastKnownFileType = text.plist.xml; path = Info.plist; sourceTree = "<group>"; };
		2C9AB65E255171D2003CC5B5 /* MyCoreDataSampleUITests.xctest */ = {isa = PBXFileReference; explicitFileType = wrapper.cfbundle; includeInIndex = 0; path = MyCoreDataSampleUITests.xctest; sourceTree = BUILT_PRODUCTS_DIR; };
		2C9AB662255171D2003CC5B5 /* MyCoreDataSampleUITests.swift */ = {isa = PBXFileReference; lastKnownFileType = sourcecode.swift; path = MyCoreDataSampleUITests.swift; sourceTree = "<group>"; };
		2C9AB664255171D2003CC5B5 /* Info.plist */ = {isa = PBXFileReference; lastKnownFileType = text.plist.xml; path = Info.plist; sourceTree = "<group>"; };
/* End PBXFileReference section */

/* Begin PBXFrameworksBuildPhase section */
		2C9AB637255171D0003CC5B5 /* Frameworks */ = {
			isa = PBXFrameworksBuildPhase;
			buildActionMask = 2147483647;
			files = (
				2C21912B2551C75D00CA4520 /* CloudKit.framework in Frameworks */,
			);
			runOnlyForDeploymentPostprocessing = 0;
		};
		2C9AB650255171D2003CC5B5 /* Frameworks */ = {
			isa = PBXFrameworksBuildPhase;
			buildActionMask = 2147483647;
			files = (
			);
			runOnlyForDeploymentPostprocessing = 0;
		};
		2C9AB65B255171D2003CC5B5 /* Frameworks */ = {
			isa = PBXFrameworksBuildPhase;
			buildActionMask = 2147483647;
			files = (
			);
			runOnlyForDeploymentPostprocessing = 0;
		};
/* End PBXFrameworksBuildPhase section */

/* Begin PBXGroup section */
		2C2191292551C75D00CA4520 /* Frameworks */ = {
			isa = PBXGroup;
			children = (
				2C21912A2551C75D00CA4520 /* CloudKit.framework */,
			);
			name = Frameworks;
			sourceTree = "<group>";
		};
		2C9AB631255171D0003CC5B5 = {
			isa = PBXGroup;
			children = (
				2C9AB63C255171D0003CC5B5 /* MyCoreDataSample */,
				2C9AB656255171D2003CC5B5 /* MyCoreDataSampleTests */,
				2C9AB661255171D2003CC5B5 /* MyCoreDataSampleUITests */,
				2C9AB63B255171D0003CC5B5 /* Products */,
				2C2191292551C75D00CA4520 /* Frameworks */,
			);
			sourceTree = "<group>";
		};
		2C9AB63B255171D0003CC5B5 /* Products */ = {
			isa = PBXGroup;
			children = (
				2C9AB63A255171D0003CC5B5 /* MyCoreDataSample.app */,
				2C9AB653255171D2003CC5B5 /* MyCoreDataSampleTests.xctest */,
				2C9AB65E255171D2003CC5B5 /* MyCoreDataSampleUITests.xctest */,
			);
			name = Products;
			sourceTree = "<group>";
		};
		2C9AB63C255171D0003CC5B5 /* MyCoreDataSample */ = {
			isa = PBXGroup;
			children = (
				2C2191282551C49A00CA4520 /* MyCoreDataSample.entitlements */,
				2C9AB63D255171D0003CC5B5 /* AppDelegate.swift */,
				2C9AB63F255171D0003CC5B5 /* SceneDelegate.swift */,
				2C9AB641255171D0003CC5B5 /* ViewController.swift */,
				2C9AB649255171D2003CC5B5 /* Assets.xcassets */,
				2C9AB64B255171D2003CC5B5 /* LaunchScreen.storyboard */,
				2C9AB64E255171D2003CC5B5 /* Info.plist */,
				2C9AB646255171D0003CC5B5 /* MyCoreDataSample.xcdatamodeld */,
				2C21910F255189B800CA4520 /* ViewController.xib */,
				2C21911425519D7400CA4520 /* EditViewController.swift */,
				2C21911925519D8600CA4520 /* EditViewController.xib */,
				2C21911E2551A17500CA4520 /* ClipCell.xib */,
				2C2191232551A18D00CA4520 /* ClipCell.swift */,
			);
			path = MyCoreDataSample;
			sourceTree = "<group>";
		};
		2C9AB656255171D2003CC5B5 /* MyCoreDataSampleTests */ = {
			isa = PBXGroup;
			children = (
				2C9AB657255171D2003CC5B5 /* MyCoreDataSampleTests.swift */,
				2C9AB659255171D2003CC5B5 /* Info.plist */,
			);
			path = MyCoreDataSampleTests;
			sourceTree = "<group>";
		};
		2C9AB661255171D2003CC5B5 /* MyCoreDataSampleUITests */ = {
			isa = PBXGroup;
			children = (
				2C9AB662255171D2003CC5B5 /* MyCoreDataSampleUITests.swift */,
				2C9AB664255171D2003CC5B5 /* Info.plist */,
			);
			path = MyCoreDataSampleUITests;
			sourceTree = "<group>";
		};
/* End PBXGroup section */

/* Begin PBXNativeTarget section */
		2C9AB639255171D0003CC5B5 /* MyCoreDataSample */ = {
			isa = PBXNativeTarget;
			buildConfigurationList = 2C9AB667255171D2003CC5B5 /* Build configuration list for PBXNativeTarget "MyCoreDataSample" */;
			buildPhases = (
				2C9AB636255171D0003CC5B5 /* Sources */,
				2C9AB637255171D0003CC5B5 /* Frameworks */,
				2C9AB638255171D0003CC5B5 /* Resources */,
			);
			buildRules = (
			);
			dependencies = (
			);
			name = MyCoreDataSample;
			productName = MyCoreDataSample;
			productReference = 2C9AB63A255171D0003CC5B5 /* MyCoreDataSample.app */;
			productType = "com.apple.product-type.application";
		};
		2C9AB652255171D2003CC5B5 /* MyCoreDataSampleTests */ = {
			isa = PBXNativeTarget;
			buildConfigurationList = 2C9AB66A255171D2003CC5B5 /* Build configuration list for PBXNativeTarget "MyCoreDataSampleTests" */;
			buildPhases = (
				2C9AB64F255171D2003CC5B5 /* Sources */,
				2C9AB650255171D2003CC5B5 /* Frameworks */,
				2C9AB651255171D2003CC5B5 /* Resources */,
			);
			buildRules = (
			);
			dependencies = (
				2C9AB655255171D2003CC5B5 /* PBXTargetDependency */,
			);
			name = MyCoreDataSampleTests;
			productName = MyCoreDataSampleTests;
			productReference = 2C9AB653255171D2003CC5B5 /* MyCoreDataSampleTests.xctest */;
			productType = "com.apple.product-type.bundle.unit-test";
		};
		2C9AB65D255171D2003CC5B5 /* MyCoreDataSampleUITests */ = {
			isa = PBXNativeTarget;
			buildConfigurationList = 2C9AB66D255171D2003CC5B5 /* Build configuration list for PBXNativeTarget "MyCoreDataSampleUITests" */;
			buildPhases = (
				2C9AB65A255171D2003CC5B5 /* Sources */,
				2C9AB65B255171D2003CC5B5 /* Frameworks */,
				2C9AB65C255171D2003CC5B5 /* Resources */,
			);
			buildRules = (
			);
			dependencies = (
				2C9AB660255171D2003CC5B5 /* PBXTargetDependency */,
			);
			name = MyCoreDataSampleUITests;
			productName = MyCoreDataSampleUITests;
			productReference = 2C9AB65E255171D2003CC5B5 /* MyCoreDataSampleUITests.xctest */;
			productType = "com.apple.product-type.bundle.ui-testing";
		};
/* End PBXNativeTarget section */

/* Begin PBXProject section */
		2C9AB632255171D0003CC5B5 /* Project object */ = {
			isa = PBXProject;
			attributes = {
				LastSwiftUpdateCheck = 1200;
				LastUpgradeCheck = 1200;
				TargetAttributes = {
					2C9AB639255171D0003CC5B5 = {
						CreatedOnToolsVersion = 12.0;
					};
					2C9AB652255171D2003CC5B5 = {
						CreatedOnToolsVersion = 12.0;
						TestTargetID = 2C9AB639255171D0003CC5B5;
					};
					2C9AB65D255171D2003CC5B5 = {
						CreatedOnToolsVersion = 12.0;
						TestTargetID = 2C9AB639255171D0003CC5B5;
					};
				};
			};
			buildConfigurationList = 2C9AB635255171D0003CC5B5 /* Build configuration list for PBXProject "MyCoreDataSample" */;
			compatibilityVersion = "Xcode 9.3";
			developmentRegion = en;
			hasScannedForEncodings = 0;
			knownRegions = (
				en,
				Base,
			);
			mainGroup = 2C9AB631255171D0003CC5B5;
			productRefGroup = 2C9AB63B255171D0003CC5B5 /* Products */;
			projectDirPath = "";
			projectRoot = "";
			targets = (
				2C9AB639255171D0003CC5B5 /* MyCoreDataSample */,
				2C9AB652255171D2003CC5B5 /* MyCoreDataSampleTests */,
				2C9AB65D255171D2003CC5B5 /* MyCoreDataSampleUITests */,
			);
		};
/* End PBXProject section */

/* Begin PBXResourcesBuildPhase section */
		2C9AB638255171D0003CC5B5 /* Resources */ = {
			isa = PBXResourcesBuildPhase;
			buildActionMask = 2147483647;
			files = (
				2C21911A25519D8600CA4520 /* EditViewController.xib in Resources */,
				2C21911F2551A17500CA4520 /* ClipCell.xib in Resources */,
				2C9AB64D255171D2003CC5B5 /* LaunchScreen.storyboard in Resources */,
				2C219110255189B800CA4520 /* ViewController.xib in Resources */,
				2C9AB64A255171D2003CC5B5 /* Assets.xcassets in Resources */,
			);
			runOnlyForDeploymentPostprocessing = 0;
		};
		2C9AB651255171D2003CC5B5 /* Resources */ = {
			isa = PBXResourcesBuildPhase;
			buildActionMask = 2147483647;
			files = (
			);
			runOnlyForDeploymentPostprocessing = 0;
		};
		2C9AB65C255171D2003CC5B5 /* Resources */ = {
			isa = PBXResourcesBuildPhase;
			buildActionMask = 2147483647;
			files = (
			);
			runOnlyForDeploymentPostprocessing = 0;
		};
/* End PBXResourcesBuildPhase section */

/* Begin PBXSourcesBuildPhase section */
		2C9AB636255171D0003CC5B5 /* Sources */ = {
			isa = PBXSourcesBuildPhase;
			buildActionMask = 2147483647;
			files = (
				2C21911525519D7400CA4520 /* EditViewController.swift in Sources */,
				2C9AB648255171D0003CC5B5 /* MyCoreDataSample.xcdatamodeld in Sources */,
				2C9AB642255171D0003CC5B5 /* ViewController.swift in Sources */,
				2C9AB63E255171D0003CC5B5 /* AppDelegate.swift in Sources */,
				2C9AB640255171D0003CC5B5 /* SceneDelegate.swift in Sources */,
				2C2191242551A18D00CA4520 /* ClipCell.swift in Sources */,
			);
			runOnlyForDeploymentPostprocessing = 0;
		};
		2C9AB64F255171D2003CC5B5 /* Sources */ = {
			isa = PBXSourcesBuildPhase;
			buildActionMask = 2147483647;
			files = (
				2C9AB658255171D2003CC5B5 /* MyCoreDataSampleTests.swift in Sources */,
			);
			runOnlyForDeploymentPostprocessing = 0;
		};
		2C9AB65A255171D2003CC5B5 /* Sources */ = {
			isa = PBXSourcesBuildPhase;
			buildActionMask = 2147483647;
			files = (
				2C9AB663255171D2003CC5B5 /* MyCoreDataSampleUITests.swift in Sources */,
			);
			runOnlyForDeploymentPostprocessing = 0;
		};
/* End PBXSourcesBuildPhase section */

/* Begin PBXTargetDependency section */
		2C9AB655255171D2003CC5B5 /* PBXTargetDependency */ = {
			isa = PBXTargetDependency;
			target = 2C9AB639255171D0003CC5B5 /* MyCoreDataSample */;
			targetProxy = 2C9AB654255171D2003CC5B5 /* PBXContainerItemProxy */;
		};
		2C9AB660255171D2003CC5B5 /* PBXTargetDependency */ = {
			isa = PBXTargetDependency;
			target = 2C9AB639255171D0003CC5B5 /* MyCoreDataSample */;
			targetProxy = 2C9AB65F255171D2003CC5B5 /* PBXContainerItemProxy */;
		};
/* End PBXTargetDependency section */

/* Begin PBXVariantGroup section */
		2C9AB64B255171D2003CC5B5 /* LaunchScreen.storyboard */ = {
			isa = PBXVariantGroup;
			children = (
				2C9AB64C255171D2003CC5B5 /* Base */,
			);
			name = LaunchScreen.storyboard;
			sourceTree = "<group>";
		};
/* End PBXVariantGroup section */

/* Begin XCBuildConfiguration section */
		2C9AB665255171D2003CC5B5 /* Debug */ = {
			isa = XCBuildConfiguration;
			buildSettings = {
				ALWAYS_SEARCH_USER_PATHS = NO;
				CLANG_ANALYZER_NONNULL = YES;
				CLANG_ANALYZER_NUMBER_OBJECT_CONVERSION = YES_AGGRESSIVE;
				CLANG_CXX_LANGUAGE_STANDARD = "gnu++14";
				CLANG_CXX_LIBRARY = "libc++";
				CLANG_ENABLE_MODULES = YES;
				CLANG_ENABLE_OBJC_ARC = YES;
				CLANG_ENABLE_OBJC_WEAK = YES;
				CLANG_WARN_BLOCK_CAPTURE_AUTORELEASING = YES;
				CLANG_WARN_BOOL_CONVERSION = YES;
				CLANG_WARN_COMMA = YES;
				CLANG_WARN_CONSTANT_CONVERSION = YES;
				CLANG_WARN_DEPRECATED_OBJC_IMPLEMENTATIONS = YES;
				CLANG_WARN_DIRECT_OBJC_ISA_USAGE = YES_ERROR;
				CLANG_WARN_DOCUMENTATION_COMMENTS = YES;
				CLANG_WARN_EMPTY_BODY = YES;
				CLANG_WARN_ENUM_CONVERSION = YES;
				CLANG_WARN_INFINITE_RECURSION = YES;
				CLANG_WARN_INT_CONVERSION = YES;
				CLANG_WARN_NON_LITERAL_NULL_CONVERSION = YES;
				CLANG_WARN_OBJC_IMPLICIT_RETAIN_SELF = YES;
				CLANG_WARN_OBJC_LITERAL_CONVERSION = YES;
				CLANG_WARN_OBJC_ROOT_CLASS = YES_ERROR;
				CLANG_WARN_QUOTED_INCLUDE_IN_FRAMEWORK_HEADER = YES;
				CLANG_WARN_RANGE_LOOP_ANALYSIS = YES;
				CLANG_WARN_STRICT_PROTOTYPES = YES;
				CLANG_WARN_SUSPICIOUS_MOVE = YES;
				CLANG_WARN_UNGUARDED_AVAILABILITY = YES_AGGRESSIVE;
				CLANG_WARN_UNREACHABLE_CODE = YES;
				CLANG_WARN__DUPLICATE_METHOD_MATCH = YES;
				COPY_PHASE_STRIP = NO;
				DEBUG_INFORMATION_FORMAT = dwarf;
				ENABLE_STRICT_OBJC_MSGSEND = YES;
				ENABLE_TESTABILITY = YES;
				GCC_C_LANGUAGE_STANDARD = gnu11;
				GCC_DYNAMIC_NO_PIC = NO;
				GCC_NO_COMMON_BLOCKS = YES;
				GCC_OPTIMIZATION_LEVEL = 0;
				GCC_PREPROCESSOR_DEFINITIONS = (
					"DEBUG=1",
					"$(inherited)",
				);
				GCC_WARN_64_TO_32_BIT_CONVERSION = YES;
				GCC_WARN_ABOUT_RETURN_TYPE = YES_ERROR;
				GCC_WARN_UNDECLARED_SELECTOR = YES;
				GCC_WARN_UNINITIALIZED_AUTOS = YES_AGGRESSIVE;
				GCC_WARN_UNUSED_FUNCTION = YES;
				GCC_WARN_UNUSED_VARIABLE = YES;
				IPHONEOS_DEPLOYMENT_TARGET = 13.0;
				MTL_ENABLE_DEBUG_INFO = INCLUDE_SOURCE;
				MTL_FAST_MATH = YES;
				ONLY_ACTIVE_ARCH = YES;
				SDKROOT = iphoneos;
				SWIFT_ACTIVE_COMPILATION_CONDITIONS = DEBUG;
				SWIFT_OPTIMIZATION_LEVEL = "-Onone";
			};
			name = Debug;
		};
		2C9AB666255171D2003CC5B5 /* Release */ = {
			isa = XCBuildConfiguration;
			buildSettings = {
				ALWAYS_SEARCH_USER_PATHS = NO;
				CLANG_ANALYZER_NONNULL = YES;
				CLANG_ANALYZER_NUMBER_OBJECT_CONVERSION = YES_AGGRESSIVE;
				CLANG_CXX_LANGUAGE_STANDARD = "gnu++14";
				CLANG_CXX_LIBRARY = "libc++";
				CLANG_ENABLE_MODULES = YES;
				CLANG_ENABLE_OBJC_ARC = YES;
				CLANG_ENABLE_OBJC_WEAK = YES;
				CLANG_WARN_BLOCK_CAPTURE_AUTORELEASING = YES;
				CLANG_WARN_BOOL_CONVERSION = YES;
				CLANG_WARN_COMMA = YES;
				CLANG_WARN_CONSTANT_CONVERSION = YES;
				CLANG_WARN_DEPRECATED_OBJC_IMPLEMENTATIONS = YES;
				CLANG_WARN_DIRECT_OBJC_ISA_USAGE = YES_ERROR;
				CLANG_WARN_DOCUMENTATION_COMMENTS = YES;
				CLANG_WARN_EMPTY_BODY = YES;
				CLANG_WARN_ENUM_CONVERSION = YES;
				CLANG_WARN_INFINITE_RECURSION = YES;
				CLANG_WARN_INT_CONVERSION = YES;
				CLANG_WARN_NON_LITERAL_NULL_CONVERSION = YES;
				CLANG_WARN_OBJC_IMPLICIT_RETAIN_SELF = YES;
				CLANG_WARN_OBJC_LITERAL_CONVERSION = YES;
				CLANG_WARN_OBJC_ROOT_CLASS = YES_ERROR;
				CLANG_WARN_QUOTED_INCLUDE_IN_FRAMEWORK_HEADER = YES;
				CLANG_WARN_RANGE_LOOP_ANALYSIS = YES;
				CLANG_WARN_STRICT_PROTOTYPES = YES;
				CLANG_WARN_SUSPICIOUS_MOVE = YES;
				CLANG_WARN_UNGUARDED_AVAILABILITY = YES_AGGRESSIVE;
				CLANG_WARN_UNREACHABLE_CODE = YES;
				CLANG_WARN__DUPLICATE_METHOD_MATCH = YES;
				COPY_PHASE_STRIP = NO;
				DEBUG_INFORMATION_FORMAT = "dwarf-with-dsym";
				ENABLE_NS_ASSERTIONS = NO;
				ENABLE_STRICT_OBJC_MSGSEND = YES;
				GCC_C_LANGUAGE_STANDARD = gnu11;
				GCC_NO_COMMON_BLOCKS = YES;
				GCC_WARN_64_TO_32_BIT_CONVERSION = YES;
				GCC_WARN_ABOUT_RETURN_TYPE = YES_ERROR;
				GCC_WARN_UNDECLARED_SELECTOR = YES;
				GCC_WARN_UNINITIALIZED_AUTOS = YES_AGGRESSIVE;
				GCC_WARN_UNUSED_FUNCTION = YES;
				GCC_WARN_UNUSED_VARIABLE = YES;
				IPHONEOS_DEPLOYMENT_TARGET = 13.0;
				MTL_ENABLE_DEBUG_INFO = NO;
				MTL_FAST_MATH = YES;
				SDKROOT = iphoneos;
				SWIFT_COMPILATION_MODE = wholemodule;
				SWIFT_OPTIMIZATION_LEVEL = "-O";
				VALIDATE_PRODUCT = YES;
			};
			name = Release;
		};
		2C9AB668255171D2003CC5B5 /* Debug */ = {
			isa = XCBuildConfiguration;
			buildSettings = {
				ASSETCATALOG_COMPILER_APPICON_NAME = AppIcon;
				ASSETCATALOG_COMPILER_GLOBAL_ACCENT_COLOR_NAME = AccentColor;
				CODE_SIGN_ENTITLEMENTS = MyCoreDataSample/MyCoreDataSample.entitlements;
				CODE_SIGN_STYLE = Automatic;
				DEVELOPMENT_TEAM = RY2377PP7S;
				INFOPLIST_FILE = MyCoreDataSample/Info.plist;
				LD_RUNPATH_SEARCH_PATHS = (
					"$(inherited)",
					"@executable_path/Frameworks",
				);
				PRODUCT_BUNDLE_IDENTIFIER = net.tasuwo.MyCoreDataSample;
				PRODUCT_NAME = "$(TARGET_NAME)";
				SWIFT_VERSION = 5.0;
				TARGETED_DEVICE_FAMILY = "1,2";
			};
			name = Debug;
		};
		2C9AB669255171D2003CC5B5 /* Release */ = {
			isa = XCBuildConfiguration;
			buildSettings = {
				ASSETCATALOG_COMPILER_APPICON_NAME = AppIcon;
				ASSETCATALOG_COMPILER_GLOBAL_ACCENT_COLOR_NAME = AccentColor;
				CODE_SIGN_ENTITLEMENTS = MyCoreDataSample/MyCoreDataSample.entitlements;
				CODE_SIGN_STYLE = Automatic;
				DEVELOPMENT_TEAM = RY2377PP7S;
				INFOPLIST_FILE = MyCoreDataSample/Info.plist;
				LD_RUNPATH_SEARCH_PATHS = (
					"$(inherited)",
					"@executable_path/Frameworks",
				);
				PRODUCT_BUNDLE_IDENTIFIER = net.tasuwo.MyCoreDataSample;
				PRODUCT_NAME = "$(TARGET_NAME)";
				SWIFT_VERSION = 5.0;
				TARGETED_DEVICE_FAMILY = "1,2";
			};
			name = Release;
		};
		2C9AB66B255171D2003CC5B5 /* Debug */ = {
			isa = XCBuildConfiguration;
			buildSettings = {
				ALWAYS_EMBED_SWIFT_STANDARD_LIBRARIES = YES;
				BUNDLE_LOADER = "$(TEST_HOST)";
				CODE_SIGN_STYLE = Automatic;
				DEVELOPMENT_TEAM = RY2377PP7S;
				INFOPLIST_FILE = MyCoreDataSampleTests/Info.plist;
				IPHONEOS_DEPLOYMENT_TARGET = 14.0;
				LD_RUNPATH_SEARCH_PATHS = (
					"$(inherited)",
					"@executable_path/Frameworks",
					"@loader_path/Frameworks",
				);
				PRODUCT_BUNDLE_IDENTIFIER = net.tasuwo.MyCoreDataSampleTests;
				PRODUCT_NAME = "$(TARGET_NAME)";
				SWIFT_VERSION = 5.0;
				TARGETED_DEVICE_FAMILY = "1,2";
				TEST_HOST = "$(BUILT_PRODUCTS_DIR)/MyCoreDataSample.app/MyCoreDataSample";
			};
			name = Debug;
		};
		2C9AB66C255171D2003CC5B5 /* Release */ = {
			isa = XCBuildConfiguration;
			buildSettings = {
				ALWAYS_EMBED_SWIFT_STANDARD_LIBRARIES = YES;
				BUNDLE_LOADER = "$(TEST_HOST)";
				CODE_SIGN_STYLE = Automatic;
				DEVELOPMENT_TEAM = RY2377PP7S;
				INFOPLIST_FILE = MyCoreDataSampleTests/Info.plist;
				IPHONEOS_DEPLOYMENT_TARGET = 14.0;
				LD_RUNPATH_SEARCH_PATHS = (
					"$(inherited)",
					"@executable_path/Frameworks",
					"@loader_path/Frameworks",
				);
				PRODUCT_BUNDLE_IDENTIFIER = net.tasuwo.MyCoreDataSampleTests;
				PRODUCT_NAME = "$(TARGET_NAME)";
				SWIFT_VERSION = 5.0;
				TARGETED_DEVICE_FAMILY = "1,2";
				TEST_HOST = "$(BUILT_PRODUCTS_DIR)/MyCoreDataSample.app/MyCoreDataSample";
			};
			name = Release;
		};
		2C9AB66E255171D2003CC5B5 /* Debug */ = {
			isa = XCBuildConfiguration;
			buildSettings = {
				ALWAYS_EMBED_SWIFT_STANDARD_LIBRARIES = YES;
				CODE_SIGN_STYLE = Automatic;
				DEVELOPMENT_TEAM = RY2377PP7S;
				INFOPLIST_FILE = MyCoreDataSampleUITests/Info.plist;
				LD_RUNPATH_SEARCH_PATHS = (
					"$(inherited)",
					"@executable_path/Frameworks",
					"@loader_path/Frameworks",
				);
				PRODUCT_BUNDLE_IDENTIFIER = net.tasuwo.MyCoreDataSampleUITests;
				PRODUCT_NAME = "$(TARGET_NAME)";
				SWIFT_VERSION = 5.0;
				TARGETED_DEVICE_FAMILY = "1,2";
				TEST_TARGET_NAME = MyCoreDataSample;
			};
			name = Debug;
		};
		2C9AB66F255171D2003CC5B5 /* Release */ = {
			isa = XCBuildConfiguration;
			buildSettings = {
				ALWAYS_EMBED_SWIFT_STANDARD_LIBRARIES = YES;
				CODE_SIGN_STYLE = Automatic;
				DEVELOPMENT_TEAM = RY2377PP7S;
				INFOPLIST_FILE = MyCoreDataSampleUITests/Info.plist;
				LD_RUNPATH_SEARCH_PATHS = (
					"$(inherited)",
					"@executable_path/Frameworks",
					"@loader_path/Frameworks",
				);
				PRODUCT_BUNDLE_IDENTIFIER = net.tasuwo.MyCoreDataSampleUITests;
				PRODUCT_NAME = "$(TARGET_NAME)";
				SWIFT_VERSION = 5.0;
				TARGETED_DEVICE_FAMILY = "1,2";
				TEST_TARGET_NAME = MyCoreDataSample;
			};
			name = Release;
		};
/* End XCBuildConfiguration section */

/* Begin XCConfigurationList section */
		2C9AB635255171D0003CC5B5 /* Build configuration list for PBXProject "MyCoreDataSample" */ = {
			isa = XCConfigurationList;
			buildConfigurations = (
				2C9AB665255171D2003CC5B5 /* Debug */,
				2C9AB666255171D2003CC5B5 /* Release */,
			);
			defaultConfigurationIsVisible = 0;
			defaultConfigurationName = Release;
		};
		2C9AB667255171D2003CC5B5 /* Build configuration list for PBXNativeTarget "MyCoreDataSample" */ = {
			isa = XCConfigurationList;
			buildConfigurations = (
				2C9AB668255171D2003CC5B5 /* Debug */,
				2C9AB669255171D2003CC5B5 /* Release */,
			);
			defaultConfigurationIsVisible = 0;
			defaultConfigurationName = Release;
		};
		2C9AB66A255171D2003CC5B5 /* Build configuration list for PBXNativeTarget "MyCoreDataSampleTests" */ = {
			isa = XCConfigurationList;
			buildConfigurations = (
				2C9AB66B255171D2003CC5B5 /* Debug */,
				2C9AB66C255171D2003CC5B5 /* Release */,
			);
			defaultConfigurationIsVisible = 0;
			defaultConfigurationName = Release;
		};
		2C9AB66D255171D2003CC5B5 /* Build configuration list for PBXNativeTarget "MyCoreDataSampleUITests" */ = {
			isa = XCConfigurationList;
			buildConfigurations = (
				2C9AB66E255171D2003CC5B5 /* Debug */,
				2C9AB66F255171D2003CC5B5 /* Release */,
			);
			defaultConfigurationIsVisible = 0;
			defaultConfigurationName = Release;
		};
/* End XCConfigurationList section */

/* Begin XCVersionGroup section */
		2C9AB646255171D0003CC5B5 /* MyCoreDataSample.xcdatamodeld */ = {
			isa = XCVersionGroup;
			children = (
				2C9AB647255171D0003CC5B5 /* MyCoreDataSample.xcdatamodel */,
			);
			currentVersion = 2C9AB647255171D0003CC5B5 /* MyCoreDataSample.xcdatamodel */;
			path = MyCoreDataSample.xcdatamodeld;
			sourceTree = "<group>";
			versionGroupType = wrapper.xcdatamodel;
		};
/* End XCVersionGroup section */
	};
	rootObject = 2C9AB632255171D0003CC5B5 /* Project object */;
}
